
Microsoft Visual Studio Solution File, Format Version 12.00
# Visual Studio Version 16
VisualStudioVersion = 16.0.33801.447
MinimumVisualStudioVersion = 10.0.40219.1
Project("{FAE04EC0-301F-11D3-BF4B-00C04F79EFBC}") = "Conversores", "Conversores\Conversores.csproj", "{11F28CA2-45DB-410E-9425-94172B2BD495}"
EndProject
Global
	GlobalSection(SolutionConfigurationPlatforms) = preSolution
		Debug|Any CPU = Debug|Any CPU
		Release|Any CPU = Release|Any CPU
	EndGlobalSection
	GlobalSection(ProjectConfigurationPlatforms) = postSolution
		{11F28CA2-45DB-410E-9425-94172B2BD495}.Debug|Any CPU.ActiveCfg = Debug|Any CPU
		{11F28CA2-45DB-410E-9425-94172B2BD495}.Debug|Any CPU.Build.0 = Debug|Any CPU
		{11F28CA2-45DB-410E-9425-94172B2BD495}.Release|Any CPU.ActiveCfg = Release|Any CPU
		{11F28CA2-45DB-410E-9425-94172B2BD495}.Release|Any CPU.Build.0 = Release|Any CPU
	EndGlobalSection
	GlobalSection(SolutionProperties) = preSolution
		HideSolutionNode = FALSE
	EndGlobalSection
	GlobalSection(ExtensibilityGlobals) = postSolution
		SolutionGuid = {1E6C9591-0FF7-442B-BA8D-83ED6F6401AD}
	EndGlobalSection
EndGlobal
